# This is a Gradle generated file for dependency locking.
# Manual edits can break the build and are not advised.
# This file is expected to be part of source control.
# To regenerate this file, run: ./gradlew dependencies --write-locks
com.fasterxml.jackson.core:jackson-annotations:2.22=classpath
com.fasterxml.jackson.core:jackson-core:2.22.2=classpath
com.fasterxml.jackson.core:jackson-databind:2.22.2=classpath
com.fasterxml.jackson.datatype:jackson-datatype-jsr310:2.22.2=classpath
com.fasterxml.jackson:jackson-bom:2.22.2=classpath
com.fasterxml.woodstox:woodstox-core:7.1.0=classpath
com.github.openjson:openjson:1.0.13=classpath
com.google.auth:google-auth-library-credentials:1.10.0=classpath
com.google.auth:google-auth-library-oauth2-http:1.10.0=classpath
com.google.auto.value:auto-value-annotations:1.9=classpath
com.google.cloud.tools:jib-build-plan:0.4.0=classpath
com.google.cloud.tools:jib-gradle-plugin-extension-api:0.4.0=classpath
com.google.cloud.tools:jib-gradle-plugin:3.5.4=classpath
com.google.cloud.tools:jib-plugins-extension-common:0.2.0=classpath
com.google.code.findbugs:jsr305:3.0.2=classpath
com.google.code.gson:gson:2.9.0=classpath
com.google.errorprone:error_prone_annotations:2.18.0=classpath
com.google.guava:failureaccess:1.0.1=classpath
com.google.guava:guava-parent:32.1.2-jre=classpath
com.google.guava:guava:32.1.2-jre=classpath
com.google.guava:listenablefuture:9999.0-empty-to-avoid-conflict-with-guava=classpath
com.google.http-client:google-http-client-apache-v2:1.42.2=classpath
com.google.http-client:google-http-client-gson:1.42.2=classpath
com.google.http-client:google-http-client:1.42.2=classpath
com.google.j2objc:j2objc-annotations:2.8=classpath
com.gradleup.shadow:shadow-gradle-plugin:9.1.0=classpath
commons-codec:commons-codec:1.11=classpath
commons-io:commons-io:2.20.0=classpath
commons-logging:commons-logging:1.2=classpath
io.gitlab.arturbosch.detekt:detekt-gradle-plugin:1.23.8=classpath
io.gitlab.arturbosch.detekt:io.gitlab.arturbosch.detekt.gradle.plugin:1.23.8=classpath
io.grpc:grpc-context:1.27.2=classpath
io.ktor.plugin:io.ktor.plugin.gradle.plugin:3.6.0=classpath
io.ktor.plugin:plugin:3.6.0=classpath
io.opencensus:opencensus-api:0.31.1=classpath
io.opencensus:opencensus-contrib-http-util:0.31.1=classpath
org.apache.ant:ant-launcher:1.10.15=classpath
org.apache.ant:ant:1.10.15=classpath
org.apache.commons:commons-compress:1.26.0=classpath
org.apache.commons:commons-lang3:3.20.0=classpath
org.apache.httpcomponents:httpclient:4.5.13=classpath
org.apache.httpcomponents:httpcore:4.4.15=classpath
org.apache.logging.log4j:log4j-api:2.25.5=classpath
org.apache.logging.log4j:log4j-core:2.25.5=classpath
org.apache.maven:maven-api-annotations:4.0.0-rc-3=classpath
org.apache.maven:maven-api-xml:4.0.0-rc-3=classpath
org.apache.maven:maven-xml:4.0.0-rc-3=classpath
org.checkerframework:checker-qual:3.33.0=classpath
org.codehaus.plexus:plexus-utils:4.0.3=classpath
org.codehaus.plexus:plexus-xml:4.1.0=classpath
org.codehaus.woodstox:stax2-api:4.2.2=classpath
org.graalvm.buildtools:graalvm-reachability-metadata:0.10.6=classpath
org.graalvm.buildtools:native-gradle-plugin:0.10.6=classpath
org.graalvm.buildtools:utils:0.10.6=classpath
org.jdom:jdom2:2.0.6.1=classpath
org.jetbrains.kotlin:kotlin-stdlib:2.4.0=classpath
org.jetbrains:annotations:13.0=classpath
org.ow2.asm:asm-commons:9.8=classpath
org.ow2.asm:asm-tree:9.8=classpath
org.ow2.asm:asm:9.9=classpath
org.vafer:jdependency:2.13=classpath
empty=
